Microsoft Visual Studio Solution File, Format Version 12.00
# Visual Studio Version 17
VisualStudioVersion = 17.5.2.0
MinimumVisualStudioVersion = 10.0.40219.1
Project("{FAE04EC0-301F-11D3-BF4B-00C04F79EFBC}") = "AzureDbTestApp", "AzureDbTestApp\AzureDbTestApp.csproj", "{97C40401-7C4E-BB88-05D9-F48F40A16CB8}"
EndProject
Global
	GlobalSection(SolutionConfigurationPlatforms) = preSolution
		Debug|Any CPU = Debug|Any CPU
		Release|Any CPU = Release|Any CPU
	EndGlobalSection
	GlobalSection(ProjectConfigurationPlatforms) = postSolution
		{97C40401-7C4E-BB88-05D9-F48F40A16CB8}.Debug|Any CPU.ActiveCfg = Debug|Any CPU
		{97C40401-7C4E-BB88-05D9-F48F40A16CB8}.Debug|Any CPU.Build.0 = Debug|Any CPU
		{97C40401-7C4E-BB88-05D9-F48F40A16CB8}.Release|Any CPU.ActiveCfg = Release|Any CPU
		{97C40401-7C4E-BB88-05D9-F48F40A16CB8}.Release|Any CPU.Build.0 = Release|Any CPU
	EndGlobalSection
	GlobalSection(SolutionProperties) = preSolution
		HideSolutionNode = FALSE
	EndGlobalSection
	GlobalSection(ExtensibilityGlobals) = postSolution
		SolutionGuid = {E802419C-7A46-46D1-987A-BABC9DAB0F8C}
	EndGlobalSection
EndGlobal
